
Microsoft Visual Studio Solution File, Format Version 12.00
# Visual Studio Version 16
VisualStudioVersion = 16.0.30523.141
MinimumVisualStudioVersion = 10.0.40219.1
Project("{FAE04EC0-301F-11D3-BF4B-00C04F79EFBC}") = "EntityFW", "EntityFW\EntityFW.csproj", "{2223B29A-DE1D-4D0F-B055-70737B38A214}"
EndProject
Project("{FAE04EC0-301F-11D3-BF4B-00C04F79EFBC}") = "EntityFWLib", "EntityFWLib\EntityFWLib.csproj", "{86A3EA8E-8C03-4B95-869B-0C24B9F7CE2A}"
EndProject
Global
	GlobalSection(SolutionConfigurationPlatforms) = preSolution
		Debug|Any CPU = Debug|Any CPU
		Release|Any CPU = Release|Any CPU
	EndGlobalSection
	GlobalSection(ProjectConfigurationPlatforms) = postSolution
		{2223B29A-DE1D-4D0F-B055-70737B38A214}.Debug|Any CPU.ActiveCfg = Debug|Any CPU
		{2223B29A-DE1D-4D0F-B055-70737B38A214}.Debug|Any CPU.Build.0 = Debug|Any CPU
		{2223B29A-DE1D-4D0F-B055-70737B38A214}.Release|Any CPU.ActiveCfg = Release|Any CPU
		{2223B29A-DE1D-4D0F-B055-70737B38A214}.Release|Any CPU.Build.0 = Release|Any CPU
		{86A3EA8E-8C03-4B95-869B-0C24B9F7CE2A}.Debug|Any CPU.ActiveCfg = Debug|Any CPU
		{86A3EA8E-8C03-4B95-869B-0C24B9F7CE2A}.Debug|Any CPU.Build.0 = Debug|Any CPU
		{86A3EA8E-8C03-4B95-869B-0C24B9F7CE2A}.Release|Any CPU.ActiveCfg = Release|Any CPU
		{86A3EA8E-8C03-4B95-869B-0C24B9F7CE2A}.Release|Any CPU.Build.0 = Release|Any CPU
	EndGlobalSection
	GlobalSection(SolutionProperties) = preSolution
		HideSolutionNode = FALSE
	EndGlobalSection
	GlobalSection(ExtensibilityGlobals) = postSolution
		SolutionGuid = {0D6AC2EC-838D-4919-9125-03A03CE3B794}
	EndGlobalSection
EndGlobal
