
Microsoft Visual Studio Solution File, Format Version 12.00
# Visual Studio Version 16
VisualStudioVersion = 16.0.30517.126
MinimumVisualStudioVersion = 10.0.40219.1
Project("{FAE04EC0-301F-11D3-BF4B-00C04F79EFBC}") = "CSharpBasic1", "CSharpBasic1\CSharpBasic1.csproj", "{063976C5-3BE1-49E1-9B41-E20F185CED69}"
EndProject
Global
	GlobalSection(SolutionConfigurationPlatforms) = preSolution
		Debug|Any CPU = Debug|Any CPU
		Release|Any CPU = Release|Any CPU
	EndGlobalSection
	GlobalSection(ProjectConfigurationPlatforms) = postSolution
		{063976C5-3BE1-49E1-9B41-E20F185CED69}.Debug|Any CPU.ActiveCfg = Debug|Any CPU
		{063976C5-3BE1-49E1-9B41-E20F185CED69}.Debug|Any CPU.Build.0 = Debug|Any CPU
		{063976C5-3BE1-49E1-9B41-E20F185CED69}.Release|Any CPU.ActiveCfg = Release|Any CPU
		{063976C5-3BE1-49E1-9B41-E20F185CED69}.Release|Any CPU.Build.0 = Release|Any CPU
	EndGlobalSection
	GlobalSection(SolutionProperties) = preSolution
		HideSolutionNode = FALSE
	EndGlobalSection
	GlobalSection(ExtensibilityGlobals) = postSolution
		SolutionGuid = {2A081FA2-71F6-41E9-9243-87F272B39655}
	EndGlobalSection
EndGlobal
