
Microsoft Visual Studio Solution File, Format Version 12.00
# Visual Studio Version 16
VisualStudioVersion = 16.0.30517.126
MinimumVisualStudioVersion = 10.0.40219.1
Project("{FAE04EC0-301F-11D3-BF4B-00C04F79EFBC}") = "OOP Practice", "OOP Practice\OOP Practice.csproj", "{D22EB5C6-B482-43F6-8128-673B5084A645}"
EndProject
Global
	GlobalSection(SolutionConfigurationPlatforms) = preSolution
		Debug|Any CPU = Debug|Any CPU
		Release|Any CPU = Release|Any CPU
	EndGlobalSection
	GlobalSection(ProjectConfigurationPlatforms) = postSolution
		{D22EB5C6-B482-43F6-8128-673B5084A645}.Debug|Any CPU.ActiveCfg = Debug|Any CPU
		{D22EB5C6-B482-43F6-8128-673B5084A645}.Debug|Any CPU.Build.0 = Debug|Any CPU
		{D22EB5C6-B482-43F6-8128-673B5084A645}.Release|Any CPU.ActiveCfg = Release|Any CPU
		{D22EB5C6-B482-43F6-8128-673B5084A645}.Release|Any CPU.Build.0 = Release|Any CPU
	EndGlobalSection
	GlobalSection(SolutionProperties) = preSolution
		HideSolutionNode = FALSE
	EndGlobalSection
	GlobalSection(ExtensibilityGlobals) = postSolution
		SolutionGuid = {BEBD027F-4E89-4238-B93E-E1AE6F6BD5C7}
	EndGlobalSection
EndGlobal
