
Microsoft Visual Studio Solution File, Format Version 12.00
# Visual Studio Version 16
VisualStudioVersion = 16.0.30517.126
MinimumVisualStudioVersion = 10.0.40219.1
Project("{FAE04EC0-301F-11D3-BF4B-00C04F79EFBC}") = "banking", "banking\banking.csproj", "{A55384EF-EA8E-4F44-BD64-E4A50A59D658}"
EndProject
Global
	GlobalSection(SolutionConfigurationPlatforms) = preSolution
		Debug|Any CPU = Debug|Any CPU
		Release|Any CPU = Release|Any CPU
	EndGlobalSection
	GlobalSection(ProjectConfigurationPlatforms) = postSolution
		{A55384EF-EA8E-4F44-BD64-E4A50A59D658}.Debug|Any CPU.ActiveCfg = Debug|Any CPU
		{A55384EF-EA8E-4F44-BD64-E4A50A59D658}.Debug|Any CPU.Build.0 = Debug|Any CPU
		{A55384EF-EA8E-4F44-BD64-E4A50A59D658}.Release|Any CPU.ActiveCfg = Release|Any CPU
		{A55384EF-EA8E-4F44-BD64-E4A50A59D658}.Release|Any CPU.Build.0 = Release|Any CPU
	EndGlobalSection
	GlobalSection(SolutionProperties) = preSolution
		HideSolutionNode = FALSE
	EndGlobalSection
	GlobalSection(ExtensibilityGlobals) = postSolution
		SolutionGuid = {9EF2EA22-15B3-452A-9DC6-4B4716843BDA}
	EndGlobalSection
EndGlobal
