
Microsoft Visual Studio Solution File, Format Version 12.00
# Visual Studio Version 16
VisualStudioVersion = 16.0.30517.126
MinimumVisualStudioVersion = 10.0.40219.1
Project("{FAE04EC0-301F-11D3-BF4B-00C04F79EFBC}") = "OddOrEven", "OddOrEven\OddOrEven.csproj", "{AB1F80B7-2995-4A55-A43F-8EA7BC854D49}"
EndProject
Global
	GlobalSection(SolutionConfigurationPlatforms) = preSolution
		Debug|Any CPU = Debug|Any CPU
		Release|Any CPU = Release|Any CPU
	EndGlobalSection
	GlobalSection(ProjectConfigurationPlatforms) = postSolution
		{AB1F80B7-2995-4A55-A43F-8EA7BC854D49}.Debug|Any CPU.ActiveCfg = Debug|Any CPU
		{AB1F80B7-2995-4A55-A43F-8EA7BC854D49}.Debug|Any CPU.Build.0 = Debug|Any CPU
		{AB1F80B7-2995-4A55-A43F-8EA7BC854D49}.Release|Any CPU.ActiveCfg = Release|Any CPU
		{AB1F80B7-2995-4A55-A43F-8EA7BC854D49}.Release|Any CPU.Build.0 = Release|Any CPU
	EndGlobalSection
	GlobalSection(SolutionProperties) = preSolution
		HideSolutionNode = FALSE
	EndGlobalSection
	GlobalSection(ExtensibilityGlobals) = postSolution
		SolutionGuid = {CF5626F6-CD69-4273-956A-BECF0AEA5F09}
	EndGlobalSection
EndGlobal
