
Microsoft Visual Studio Solution File, Format Version 12.00
# Visual Studio Version 16
VisualStudioVersion = 16.0.30523.141
MinimumVisualStudioVersion = 10.0.40219.1
Project("{FAE04EC0-301F-11D3-BF4B-00C04F79EFBC}") = "Pet", "Pet\Pet.csproj", "{A89C954A-5D7F-4A4C-B200-B62F599DDBEF}"
EndProject
Global
	GlobalSection(SolutionConfigurationPlatforms) = preSolution
		Debug|Any CPU = Debug|Any CPU
		Release|Any CPU = Release|Any CPU
	EndGlobalSection
	GlobalSection(ProjectConfigurationPlatforms) = postSolution
		{A89C954A-5D7F-4A4C-B200-B62F599DDBEF}.Debug|Any CPU.ActiveCfg = Debug|Any CPU
		{A89C954A-5D7F-4A4C-B200-B62F599DDBEF}.Debug|Any CPU.Build.0 = Debug|Any CPU
		{A89C954A-5D7F-4A4C-B200-B62F599DDBEF}.Release|Any CPU.ActiveCfg = Release|Any CPU
		{A89C954A-5D7F-4A4C-B200-B62F599DDBEF}.Release|Any CPU.Build.0 = Release|Any CPU
	EndGlobalSection
	GlobalSection(SolutionProperties) = preSolution
		HideSolutionNode = FALSE
	EndGlobalSection
	GlobalSection(ExtensibilityGlobals) = postSolution
		SolutionGuid = {BBB185C5-2764-45CF-A8B3-5CEACD148ECB}
	EndGlobalSection
EndGlobal
