
Microsoft Visual Studio Solution File, Format Version 12.00
# Visual Studio Version 16
VisualStudioVersion = 16.0.30523.141
MinimumVisualStudioVersion = 10.0.40219.1
Project("{FAE04EC0-301F-11D3-BF4B-00C04F79EFBC}") = "MathLibConsole", "MathLibConsole.csproj", "{7C4C8CA5-B364-4633-B45B-BA514A7B915F}"
EndProject
Project("{FAE04EC0-301F-11D3-BF4B-00C04F79EFBC}") = "Math", "..\Math\Math.csproj", "{024A2451-1091-4E3A-B95D-E5AEC9FB31B1}"
EndProject
Global
	GlobalSection(SolutionConfigurationPlatforms) = preSolution
		Debug|Any CPU = Debug|Any CPU
		Release|Any CPU = Release|Any CPU
	EndGlobalSection
	GlobalSection(ProjectConfigurationPlatforms) = postSolution
		{7C4C8CA5-B364-4633-B45B-BA514A7B915F}.Debug|Any CPU.ActiveCfg = Debug|Any CPU
		{7C4C8CA5-B364-4633-B45B-BA514A7B915F}.Debug|Any CPU.Build.0 = Debug|Any CPU
		{7C4C8CA5-B364-4633-B45B-BA514A7B915F}.Release|Any CPU.ActiveCfg = Release|Any CPU
		{7C4C8CA5-B364-4633-B45B-BA514A7B915F}.Release|Any CPU.Build.0 = Release|Any CPU
		{024A2451-1091-4E3A-B95D-E5AEC9FB31B1}.Debug|Any CPU.ActiveCfg = Debug|Any CPU
		{024A2451-1091-4E3A-B95D-E5AEC9FB31B1}.Debug|Any CPU.Build.0 = Debug|Any CPU
		{024A2451-1091-4E3A-B95D-E5AEC9FB31B1}.Release|Any CPU.ActiveCfg = Release|Any CPU
		{024A2451-1091-4E3A-B95D-E5AEC9FB31B1}.Release|Any CPU.Build.0 = Release|Any CPU
	EndGlobalSection
	GlobalSection(SolutionProperties) = preSolution
		HideSolutionNode = FALSE
	EndGlobalSection
	GlobalSection(ExtensibilityGlobals) = postSolution
		SolutionGuid = {3B5A473E-98AB-41D8-BB46-1CDB1915E771}
	EndGlobalSection
EndGlobal
